Microsoft Visual Studio Solution File, Format Version 12.00
# Visual Studio 2013
VisualStudioVersion = 12.0.30324.0
MinimumVisualStudioVersion = 10.0.40219.1
Project("{FAE04EC0-301F-11D3-BF4B-00C04F79EFBC}") = "Splunk.Client", "src\Splunk.Client\Splunk.Client.csproj", "{DE65F0D5-7753-483E-8933-E6DB22350F04}"
EndProject
Project("{FAE04EC0-301F-11D3-BF4B-00C04F79EFBC}") = "acceptance-tests", "test\acceptance-tests\acceptance-tests.csproj", "{B7C3839F-58F5-4CA9-9317-9655A0BC55D9}"
EndProject
Project("{FAE04EC0-301F-11D3-BF4B-00C04F79EFBC}") = "unit-tests", "test\unit-tests\unit-tests.csproj", "{1ECDE3C2-671C-4F44-8965-D6D6A3AFD5E8}"
EndProject
Project("{FAE04EC0-301F-11D3-BF4B-00C04F79EFBC}") = "normal-search", "examples\normal-search\normal-search.csproj", "{C9314719-623E-44F6-AB7E-9D2512D63941}"
EndProject
Project("{2150E333-8FDC-42A3-9474-1A3956D46DE8}") = "1. src", "1. src", "{19A10C52-242D-4B86-8C6C-F6628BBD68C2}"
EndProject
Project("{2150E333-8FDC-42A3-9474-1A3956D46DE8}") = "2. test", "2. test", "{BBE2BB41-AE8E-4A06-AD72-0ABECE5DC1D0}"
EndProject
Project("{2150E333-8FDC-42A3-9474-1A3956D46DE8}") = "3. examples", "3. examples", "{5A4BA6B9-305F-4E0D-A11A-35AE005C678A}"
EndProject
Project("{FAE04EC0-301F-11D3-BF4B-00C04F79EFBC}") = "reactive-ui", "examples\reactive-ui\reactive-ui.csproj", "{BEA5697D-50A0-4927-BA3B-5761A0ABCB5B}"
EndProject
Project("{FAE04EC0-301F-11D3-BF4B-00C04F79EFBC}") = "1.0-migrated-tests", "test\1.0-migrated-tests\1.0-migrated-tests.csproj", "{BDC54072-754F-4709-92E7-2A4ED502CC68}"
EndProject
Project("{2150E333-8FDC-42A3-9474-1A3956D46DE8}") = "Solution Items", "Solution Items", "{8674D19F-5BF3-4D17-90B9-AB3226A8E12A}"
	ProjectSection(SolutionItems) = preProject
		REST API coverage.xlsx = REST API coverage.xlsx
	EndProjectSection
EndProject
Project("{FAE04EC0-301F-11D3-BF4B-00C04F79EFBC}") = "Splunk.ModularInputs", "src\Splunk.ModularInputs\Splunk.ModularInputs.csproj", "{0777F751-A5A1-42C3-9966-8BE3D41E592F}"
EndProject
Project("{FAE04EC0-301F-11D3-BF4B-00C04F79EFBC}") = "authenticate", "examples\authenticate\authenticate.csproj", "{74FFC42D-76D4-48F8-805D-80F134423194}"
EndProject
Global
	GlobalSection(SolutionConfigurationPlatforms) = preSolution
		Debug|Any CPU = Debug|Any CPU
		Release|Any CPU = Release|Any CPU
	EndGlobalSection
	GlobalSection(ProjectConfigurationPlatforms) = postSolution
		{DE65F0D5-7753-483E-8933-E6DB22350F04}.Debug|Any CPU.ActiveCfg = Debug|Any CPU
		{DE65F0D5-7753-483E-8933-E6DB22350F04}.Debug|Any CPU.Build.0 = Debug|Any CPU
		{DE65F0D5-7753-483E-8933-E6DB22350F04}.Release|Any CPU.ActiveCfg = Release|Any CPU
		{DE65F0D5-7753-483E-8933-E6DB22350F04}.Release|Any CPU.Build.0 = Release|Any CPU
		{B7C3839F-58F5-4CA9-9317-9655A0BC55D9}.Debug|Any CPU.ActiveCfg = Debug|Any CPU
		{B7C3839F-58F5-4CA9-9317-9655A0BC55D9}.Debug|Any CPU.Build.0 = Debug|Any CPU
		{B7C3839F-58F5-4CA9-9317-9655A0BC55D9}.Release|Any CPU.ActiveCfg = Release|Any CPU
		{B7C3839F-58F5-4CA9-9317-9655A0BC55D9}.Release|Any CPU.Build.0 = Release|Any CPU
		{1ECDE3C2-671C-4F44-8965-D6D6A3AFD5E8}.Debug|Any CPU.ActiveCfg = Debug|Any CPU
		{1ECDE3C2-671C-4F44-8965-D6D6A3AFD5E8}.Debug|Any CPU.Build.0 = Debug|Any CPU
		{1ECDE3C2-671C-4F44-8965-D6D6A3AFD5E8}.Release|Any CPU.ActiveCfg = Release|Any CPU
		{1ECDE3C2-671C-4F44-8965-D6D6A3AFD5E8}.Release|Any CPU.Build.0 = Release|Any CPU
		{C9314719-623E-44F6-AB7E-9D2512D63941}.Debug|Any CPU.ActiveCfg = Debug|Any CPU
		{C9314719-623E-44F6-AB7E-9D2512D63941}.Debug|Any CPU.Build.0 = Debug|Any CPU
		{C9314719-623E-44F6-AB7E-9D2512D63941}.Release|Any CPU.ActiveCfg = Release|Any CPU
		{C9314719-623E-44F6-AB7E-9D2512D63941}.Release|Any CPU.Build.0 = Release|Any CPU
		{BEA5697D-50A0-4927-BA3B-5761A0ABCB5B}.Debug|Any CPU.ActiveCfg = Debug|Any CPU
		{BEA5697D-50A0-4927-BA3B-5761A0ABCB5B}.Debug|Any CPU.Build.0 = Debug|Any CPU
		{BEA5697D-50A0-4927-BA3B-5761A0ABCB5B}.Release|Any CPU.ActiveCfg = Release|Any CPU
		{BEA5697D-50A0-4927-BA3B-5761A0ABCB5B}.Release|Any CPU.Build.0 = Release|Any CPU
		{BDC54072-754F-4709-92E7-2A4ED502CC68}.Debug|Any CPU.ActiveCfg = Debug|Any CPU
		{BDC54072-754F-4709-92E7-2A4ED502CC68}.Debug|Any CPU.Build.0 = Debug|Any CPU
		{BDC54072-754F-4709-92E7-2A4ED502CC68}.Release|Any CPU.ActiveCfg = Release|Any CPU
		{BDC54072-754F-4709-92E7-2A4ED502CC68}.Release|Any CPU.Build.0 = Release|Any CPU
		{0777F751-A5A1-42C3-9966-8BE3D41E592F}.Debug|Any CPU.ActiveCfg = Debug|Any CPU
		{0777F751-A5A1-42C3-9966-8BE3D41E592F}.Debug|Any CPU.Build.0 = Debug|Any CPU
		{0777F751-A5A1-42C3-9966-8BE3D41E592F}.Release|Any CPU.ActiveCfg = Release|Any CPU
		{0777F751-A5A1-42C3-9966-8BE3D41E592F}.Release|Any CPU.Build.0 = Release|Any CPU
		{74FFC42D-76D4-48F8-805D-80F134423194}.Debug|Any CPU.ActiveCfg = Debug|Any CPU
		{74FFC42D-76D4-48F8-805D-80F134423194}.Debug|Any CPU.Build.0 = Debug|Any CPU
		{74FFC42D-76D4-48F8-805D-80F134423194}.Release|Any CPU.ActiveCfg = Release|Any CPU
		{74FFC42D-76D4-48F8-805D-80F134423194}.Release|Any CPU.Build.0 = Release|Any CPU
	EndGlobalSection
	GlobalSection(SolutionProperties) = preSolution
		HideSolutionNode = FALSE
	EndGlobalSection
	GlobalSection(NestedProjects) = preSolution
		{DE65F0D5-7753-483E-8933-E6DB22350F04} = {19A10C52-242D-4B86-8C6C-F6628BBD68C2}
		{B7C3839F-58F5-4CA9-9317-9655A0BC55D9} = {BBE2BB41-AE8E-4A06-AD72-0ABECE5DC1D0}
		{1ECDE3C2-671C-4F44-8965-D6D6A3AFD5E8} = {BBE2BB41-AE8E-4A06-AD72-0ABECE5DC1D0}
		{C9314719-623E-44F6-AB7E-9D2512D63941} = {5A4BA6B9-305F-4E0D-A11A-35AE005C678A}
		{BEA5697D-50A0-4927-BA3B-5761A0ABCB5B} = {5A4BA6B9-305F-4E0D-A11A-35AE005C678A}
		{BDC54072-754F-4709-92E7-2A4ED502CC68} = {BBE2BB41-AE8E-4A06-AD72-0ABECE5DC1D0}
		{0777F751-A5A1-42C3-9966-8BE3D41E592F} = {19A10C52-242D-4B86-8C6C-F6628BBD68C2}
		{74FFC42D-76D4-48F8-805D-80F134423194} = {5A4BA6B9-305F-4E0D-A11A-35AE005C678A}
	EndGlobalSection
EndGlobal
