Microsoft Visual Studio Solution File, Format Version 12.00
# Visual Studio 2012
Project("{FAE04EC0-301F-11D3-BF4B-00C04F79EFBC}") = "Splunk.Client", "src\Splunk.Client\Splunk.Client.csproj", "{DE65F0D5-7753-483E-8933-E6DB22350F04}"
EndProject
Project("{FAE04EC0-301F-11D3-BF4B-00C04F79EFBC}") = "acceptance-tests", "test\acceptance-tests\acceptance-tests.csproj", "{B7C3839F-58F5-4CA9-9317-9655A0BC55D9}"
EndProject
Project("{FAE04EC0-301F-11D3-BF4B-00C04F79EFBC}") = "unit-tests", "test\unit-tests\unit-tests.csproj", "{1ECDE3C2-671C-4F44-8965-D6D6A3AFD5E8}"
EndProject
Project("{FAE04EC0-301F-11D3-BF4B-00C04F79EFBC}") = "normal-search", "examples\normal-search\normal-search.csproj", "{C9314719-623E-44F6-AB7E-9D2512D63941}"
EndProject
Project("{2150E333-8FDC-42A3-9474-1A3956D46DE8}") = "1. src", "1. src", "{19A10C52-242D-4B86-8C6C-F6628BBD68C2}"
EndProject
Project("{2150E333-8FDC-42A3-9474-1A3956D46DE8}") = "2. test", "2. test", "{BBE2BB41-AE8E-4A06-AD72-0ABECE5DC1D0}"
EndProject
Project("{2150E333-8FDC-42A3-9474-1A3956D46DE8}") = "3. examples", "3. examples", "{5A4BA6B9-305F-4E0D-A11A-35AE005C678A}"
EndProject
Project("{FAE04EC0-301F-11D3-BF4B-00C04F79EFBC}") = "reactive-ui", "examples\reactive-ui\reactive-ui.csproj", "{BEA5697D-50A0-4927-BA3B-5761A0ABCB5B}"
EndProject
Project("{FAE04EC0-301F-11D3-BF4B-00C04F79EFBC}") = "1.0-migrated-tests", "test\1.0-migrated-tests\1.0-migrated-tests.csproj", "{BDC54072-754F-4709-92E7-2A4ED502CC68}"
EndProject
Project("{2150E333-8FDC-42A3-9474-1A3956D46DE8}") = "Solution Items", "Solution Items", "{8674D19F-5BF3-4D17-90B9-AB3226A8E12A}"
	ProjectSection(SolutionItems) = preProject
		REST API coverage.xlsx = REST API coverage.xlsx
	EndProjectSection
EndProject
Project("{FAE04EC0-301F-11D3-BF4B-00C04F79EFBC}") = "Splunk.ModularInputs", "src\Splunk.ModularInputs\Splunk.ModularInputs.csproj", "{0777F751-A5A1-42C3-9966-8BE3D41E592F}"
EndProject
Project("{FAE04EC0-301F-11D3-BF4B-00C04F79EFBC}") = "authenticate", "examples\authenticate\authenticate.csproj", "{74FFC42D-76D4-48F8-805D-80F134423194}"
EndProject
Project("{FAE04EC0-301F-11D3-BF4B-00C04F79EFBC}") = "search", "examples\search\search.csproj", "{F3692BB4-E692-4ED8-B999-FB7FBCF3126F}"
EndProject
Project("{FAE04EC0-301F-11D3-BF4B-00C04F79EFBC}") = "submit", "examples\submit\submit.csproj", "{A585A939-E070-455D-9A99-A68618B54E1F}"
EndProject
Project("{FAE04EC0-301F-11D3-BF4B-00C04F79EFBC}") = "list_apps", "examples\list_apps\list_apps.csproj", "{4D090E62-8E8F-45F8-9382-97AFE56578AB}"
EndProject
Project("{2150E333-8FDC-42A3-9474-1A3956D46DE8}") = "4. documentation", "4. documentation", "{90CFCC8E-84FC-4842-B51A-8B26C1140FF0}"
EndProject
Project("{7CF6DF6D-3B04-46F8-A40B-537D21BCA0B4}") = "Splunk.Client", "docs\Splunk.Client\Splunk.Client.shfbproj", "{22A30CA1-E24F-4093-88EA-C0A4310FD3E1}"
EndProject
Project("{7CF6DF6D-3B04-46F8-A40B-537D21BCA0B4}") = "Splunk.ModularInputs", "docs\Splunk.ModularInputs\Splunk.ModularInputs.shfbproj", "{3C28E511-43A6-4646-91B9-5FDAF50161E0}"
EndProject
Project("{FAE04EC0-301F-11D3-BF4B-00C04F79EFBC}") = "random-numbers", "examples\random-numbers\random-numbers.csproj", "{92ED069A-80B3-468A-BDA8-510F84907EB2}"
EndProject
Global
	GlobalSection(SolutionConfigurationPlatforms) = preSolution
		Debug|Any CPU = Debug|Any CPU
		Debug|Mixed Platforms = Debug|Mixed Platforms
		Debug|x86 = Debug|x86
		Release|Any CPU = Release|Any CPU
		Release|Mixed Platforms = Release|Mixed Platforms
		Release|x86 = Release|x86
	EndGlobalSection
	GlobalSection(ProjectConfigurationPlatforms) = postSolution
		{DE65F0D5-7753-483E-8933-E6DB22350F04}.Debug|Any CPU.ActiveCfg = Debug|Any CPU
		{DE65F0D5-7753-483E-8933-E6DB22350F04}.Debug|Any CPU.Build.0 = Debug|Any CPU
		{DE65F0D5-7753-483E-8933-E6DB22350F04}.Debug|Mixed Platforms.ActiveCfg = Debug|Any CPU
		{DE65F0D5-7753-483E-8933-E6DB22350F04}.Debug|Mixed Platforms.Build.0 = Debug|Any CPU
		{DE65F0D5-7753-483E-8933-E6DB22350F04}.Debug|x86.ActiveCfg = Debug|Any CPU
		{DE65F0D5-7753-483E-8933-E6DB22350F04}.Release|Any CPU.ActiveCfg = Release|Any CPU
		{DE65F0D5-7753-483E-8933-E6DB22350F04}.Release|Any CPU.Build.0 = Release|Any CPU
		{DE65F0D5-7753-483E-8933-E6DB22350F04}.Release|Mixed Platforms.ActiveCfg = Release|Any CPU
		{DE65F0D5-7753-483E-8933-E6DB22350F04}.Release|Mixed Platforms.Build.0 = Release|Any CPU
		{DE65F0D5-7753-483E-8933-E6DB22350F04}.Release|x86.ActiveCfg = Release|Any CPU
		{B7C3839F-58F5-4CA9-9317-9655A0BC55D9}.Debug|Any CPU.ActiveCfg = Debug|Any CPU
		{B7C3839F-58F5-4CA9-9317-9655A0BC55D9}.Debug|Any CPU.Build.0 = Debug|Any CPU
		{B7C3839F-58F5-4CA9-9317-9655A0BC55D9}.Debug|Mixed Platforms.ActiveCfg = Debug|Any CPU
		{B7C3839F-58F5-4CA9-9317-9655A0BC55D9}.Debug|Mixed Platforms.Build.0 = Debug|Any CPU
		{B7C3839F-58F5-4CA9-9317-9655A0BC55D9}.Debug|x86.ActiveCfg = Debug|Any CPU
		{B7C3839F-58F5-4CA9-9317-9655A0BC55D9}.Release|Any CPU.ActiveCfg = Release|Any CPU
		{B7C3839F-58F5-4CA9-9317-9655A0BC55D9}.Release|Any CPU.Build.0 = Release|Any CPU
		{B7C3839F-58F5-4CA9-9317-9655A0BC55D9}.Release|Mixed Platforms.ActiveCfg = Release|Any CPU
		{B7C3839F-58F5-4CA9-9317-9655A0BC55D9}.Release|Mixed Platforms.Build.0 = Release|Any CPU
		{B7C3839F-58F5-4CA9-9317-9655A0BC55D9}.Release|x86.ActiveCfg = Release|Any CPU
		{1ECDE3C2-671C-4F44-8965-D6D6A3AFD5E8}.Debug|Any CPU.ActiveCfg = Debug|Any CPU
		{1ECDE3C2-671C-4F44-8965-D6D6A3AFD5E8}.Debug|Any CPU.Build.0 = Debug|Any CPU
		{1ECDE3C2-671C-4F44-8965-D6D6A3AFD5E8}.Debug|Mixed Platforms.ActiveCfg = Debug|Any CPU
		{1ECDE3C2-671C-4F44-8965-D6D6A3AFD5E8}.Debug|Mixed Platforms.Build.0 = Debug|Any CPU
		{1ECDE3C2-671C-4F44-8965-D6D6A3AFD5E8}.Debug|x86.ActiveCfg = Debug|Any CPU
		{1ECDE3C2-671C-4F44-8965-D6D6A3AFD5E8}.Release|Any CPU.ActiveCfg = Release|Any CPU
		{1ECDE3C2-671C-4F44-8965-D6D6A3AFD5E8}.Release|Any CPU.Build.0 = Release|Any CPU
		{1ECDE3C2-671C-4F44-8965-D6D6A3AFD5E8}.Release|Mixed Platforms.ActiveCfg = Release|Any CPU
		{1ECDE3C2-671C-4F44-8965-D6D6A3AFD5E8}.Release|Mixed Platforms.Build.0 = Release|Any CPU
		{1ECDE3C2-671C-4F44-8965-D6D6A3AFD5E8}.Release|x86.ActiveCfg = Release|Any CPU
		{C9314719-623E-44F6-AB7E-9D2512D63941}.Debug|Any CPU.ActiveCfg = Debug|Any CPU
		{C9314719-623E-44F6-AB7E-9D2512D63941}.Debug|Any CPU.Build.0 = Debug|Any CPU
		{C9314719-623E-44F6-AB7E-9D2512D63941}.Debug|Mixed Platforms.ActiveCfg = Debug|Any CPU
		{C9314719-623E-44F6-AB7E-9D2512D63941}.Debug|Mixed Platforms.Build.0 = Debug|Any CPU
		{C9314719-623E-44F6-AB7E-9D2512D63941}.Debug|x86.ActiveCfg = Debug|Any CPU
		{C9314719-623E-44F6-AB7E-9D2512D63941}.Release|Any CPU.ActiveCfg = Release|Any CPU
		{C9314719-623E-44F6-AB7E-9D2512D63941}.Release|Any CPU.Build.0 = Release|Any CPU
		{C9314719-623E-44F6-AB7E-9D2512D63941}.Release|Mixed Platforms.ActiveCfg = Release|Any CPU
		{C9314719-623E-44F6-AB7E-9D2512D63941}.Release|Mixed Platforms.Build.0 = Release|Any CPU
		{C9314719-623E-44F6-AB7E-9D2512D63941}.Release|x86.ActiveCfg = Release|Any CPU
		{BEA5697D-50A0-4927-BA3B-5761A0ABCB5B}.Debug|Any CPU.ActiveCfg = Debug|Any CPU
		{BEA5697D-50A0-4927-BA3B-5761A0ABCB5B}.Debug|Any CPU.Build.0 = Debug|Any CPU
		{BEA5697D-50A0-4927-BA3B-5761A0ABCB5B}.Debug|Mixed Platforms.ActiveCfg = Debug|Any CPU
		{BEA5697D-50A0-4927-BA3B-5761A0ABCB5B}.Debug|Mixed Platforms.Build.0 = Debug|Any CPU
		{BEA5697D-50A0-4927-BA3B-5761A0ABCB5B}.Debug|x86.ActiveCfg = Debug|Any CPU
		{BEA5697D-50A0-4927-BA3B-5761A0ABCB5B}.Release|Any CPU.ActiveCfg = Release|Any CPU
		{BEA5697D-50A0-4927-BA3B-5761A0ABCB5B}.Release|Any CPU.Build.0 = Release|Any CPU
		{BEA5697D-50A0-4927-BA3B-5761A0ABCB5B}.Release|Mixed Platforms.ActiveCfg = Release|Any CPU
		{BEA5697D-50A0-4927-BA3B-5761A0ABCB5B}.Release|Mixed Platforms.Build.0 = Release|Any CPU
		{BEA5697D-50A0-4927-BA3B-5761A0ABCB5B}.Release|x86.ActiveCfg = Release|Any CPU
		{BDC54072-754F-4709-92E7-2A4ED502CC68}.Debug|Any CPU.ActiveCfg = Debug|Any CPU
		{BDC54072-754F-4709-92E7-2A4ED502CC68}.Debug|Any CPU.Build.0 = Debug|Any CPU
		{BDC54072-754F-4709-92E7-2A4ED502CC68}.Debug|Mixed Platforms.ActiveCfg = Debug|Any CPU
		{BDC54072-754F-4709-92E7-2A4ED502CC68}.Debug|Mixed Platforms.Build.0 = Debug|Any CPU
		{BDC54072-754F-4709-92E7-2A4ED502CC68}.Debug|x86.ActiveCfg = Debug|Any CPU
		{BDC54072-754F-4709-92E7-2A4ED502CC68}.Release|Any CPU.ActiveCfg = Release|Any CPU
		{BDC54072-754F-4709-92E7-2A4ED502CC68}.Release|Any CPU.Build.0 = Release|Any CPU
		{BDC54072-754F-4709-92E7-2A4ED502CC68}.Release|Mixed Platforms.ActiveCfg = Release|Any CPU
		{BDC54072-754F-4709-92E7-2A4ED502CC68}.Release|Mixed Platforms.Build.0 = Release|Any CPU
		{BDC54072-754F-4709-92E7-2A4ED502CC68}.Release|x86.ActiveCfg = Release|Any CPU
		{0777F751-A5A1-42C3-9966-8BE3D41E592F}.Debug|Any CPU.ActiveCfg = Debug|Any CPU
		{0777F751-A5A1-42C3-9966-8BE3D41E592F}.Debug|Any CPU.Build.0 = Debug|Any CPU
		{0777F751-A5A1-42C3-9966-8BE3D41E592F}.Debug|Mixed Platforms.ActiveCfg = Debug|Any CPU
		{0777F751-A5A1-42C3-9966-8BE3D41E592F}.Debug|Mixed Platforms.Build.0 = Debug|Any CPU
		{0777F751-A5A1-42C3-9966-8BE3D41E592F}.Debug|x86.ActiveCfg = Debug|Any CPU
		{0777F751-A5A1-42C3-9966-8BE3D41E592F}.Release|Any CPU.ActiveCfg = Release|Any CPU
		{0777F751-A5A1-42C3-9966-8BE3D41E592F}.Release|Any CPU.Build.0 = Release|Any CPU
		{0777F751-A5A1-42C3-9966-8BE3D41E592F}.Release|Mixed Platforms.ActiveCfg = Release|Any CPU
		{0777F751-A5A1-42C3-9966-8BE3D41E592F}.Release|Mixed Platforms.Build.0 = Release|Any CPU
		{0777F751-A5A1-42C3-9966-8BE3D41E592F}.Release|x86.ActiveCfg = Release|Any CPU
		{74FFC42D-76D4-48F8-805D-80F134423194}.Debug|Any CPU.ActiveCfg = Debug|Any CPU
		{74FFC42D-76D4-48F8-805D-80F134423194}.Debug|Any CPU.Build.0 = Debug|Any CPU
		{74FFC42D-76D4-48F8-805D-80F134423194}.Debug|Mixed Platforms.ActiveCfg = Debug|Any CPU
		{74FFC42D-76D4-48F8-805D-80F134423194}.Debug|Mixed Platforms.Build.0 = Debug|Any CPU
		{74FFC42D-76D4-48F8-805D-80F134423194}.Debug|x86.ActiveCfg = Debug|Any CPU
		{74FFC42D-76D4-48F8-805D-80F134423194}.Release|Any CPU.ActiveCfg = Release|Any CPU
		{74FFC42D-76D4-48F8-805D-80F134423194}.Release|Any CPU.Build.0 = Release|Any CPU
		{74FFC42D-76D4-48F8-805D-80F134423194}.Release|Mixed Platforms.ActiveCfg = Release|Any CPU
		{74FFC42D-76D4-48F8-805D-80F134423194}.Release|Mixed Platforms.Build.0 = Release|Any CPU
		{74FFC42D-76D4-48F8-805D-80F134423194}.Release|x86.ActiveCfg = Release|Any CPU
		{F3692BB4-E692-4ED8-B999-FB7FBCF3126F}.Debug|Any CPU.ActiveCfg = Debug|Any CPU
		{F3692BB4-E692-4ED8-B999-FB7FBCF3126F}.Debug|Any CPU.Build.0 = Debug|Any CPU
		{F3692BB4-E692-4ED8-B999-FB7FBCF3126F}.Debug|Mixed Platforms.ActiveCfg = Debug|Any CPU
		{F3692BB4-E692-4ED8-B999-FB7FBCF3126F}.Debug|Mixed Platforms.Build.0 = Debug|Any CPU
		{F3692BB4-E692-4ED8-B999-FB7FBCF3126F}.Debug|x86.ActiveCfg = Debug|Any CPU
		{F3692BB4-E692-4ED8-B999-FB7FBCF3126F}.Release|Any CPU.ActiveCfg = Release|Any CPU
		{F3692BB4-E692-4ED8-B999-FB7FBCF3126F}.Release|Any CPU.Build.0 = Release|Any CPU
		{F3692BB4-E692-4ED8-B999-FB7FBCF3126F}.Release|Mixed Platforms.ActiveCfg = Release|Any CPU
		{F3692BB4-E692-4ED8-B999-FB7FBCF3126F}.Release|Mixed Platforms.Build.0 = Release|Any CPU
		{F3692BB4-E692-4ED8-B999-FB7FBCF3126F}.Release|x86.ActiveCfg = Release|Any CPU
		{A585A939-E070-455D-9A99-A68618B54E1F}.Debug|Any CPU.ActiveCfg = Debug|Any CPU
		{A585A939-E070-455D-9A99-A68618B54E1F}.Debug|Any CPU.Build.0 = Debug|Any CPU
		{A585A939-E070-455D-9A99-A68618B54E1F}.Debug|Mixed Platforms.ActiveCfg = Debug|Any CPU
		{A585A939-E070-455D-9A99-A68618B54E1F}.Debug|Mixed Platforms.Build.0 = Debug|Any CPU
		{A585A939-E070-455D-9A99-A68618B54E1F}.Debug|x86.ActiveCfg = Debug|Any CPU
		{A585A939-E070-455D-9A99-A68618B54E1F}.Release|Any CPU.ActiveCfg = Release|Any CPU
		{A585A939-E070-455D-9A99-A68618B54E1F}.Release|Any CPU.Build.0 = Release|Any CPU
		{A585A939-E070-455D-9A99-A68618B54E1F}.Release|Mixed Platforms.ActiveCfg = Release|Any CPU
		{A585A939-E070-455D-9A99-A68618B54E1F}.Release|Mixed Platforms.Build.0 = Release|Any CPU
		{A585A939-E070-455D-9A99-A68618B54E1F}.Release|x86.ActiveCfg = Release|Any CPU
		{4D090E62-8E8F-45F8-9382-97AFE56578AB}.Debug|Any CPU.ActiveCfg = Debug|Any CPU
		{4D090E62-8E8F-45F8-9382-97AFE56578AB}.Debug|Any CPU.Build.0 = Debug|Any CPU
		{4D090E62-8E8F-45F8-9382-97AFE56578AB}.Debug|Mixed Platforms.ActiveCfg = Debug|Any CPU
		{4D090E62-8E8F-45F8-9382-97AFE56578AB}.Debug|Mixed Platforms.Build.0 = Debug|Any CPU
		{4D090E62-8E8F-45F8-9382-97AFE56578AB}.Debug|x86.ActiveCfg = Debug|Any CPU
		{4D090E62-8E8F-45F8-9382-97AFE56578AB}.Release|Any CPU.ActiveCfg = Release|Any CPU
		{4D090E62-8E8F-45F8-9382-97AFE56578AB}.Release|Any CPU.Build.0 = Release|Any CPU
		{4D090E62-8E8F-45F8-9382-97AFE56578AB}.Release|Mixed Platforms.ActiveCfg = Release|Any CPU
		{4D090E62-8E8F-45F8-9382-97AFE56578AB}.Release|Mixed Platforms.Build.0 = Release|Any CPU
		{4D090E62-8E8F-45F8-9382-97AFE56578AB}.Release|x86.ActiveCfg = Release|Any CPU
		{22A30CA1-E24F-4093-88EA-C0A4310FD3E1}.Debug|Any CPU.ActiveCfg = Debug|Any CPU
		{22A30CA1-E24F-4093-88EA-C0A4310FD3E1}.Debug|Any CPU.Build.0 = Debug|Any CPU
		{22A30CA1-E24F-4093-88EA-C0A4310FD3E1}.Debug|Mixed Platforms.ActiveCfg = Debug|Any CPU
		{22A30CA1-E24F-4093-88EA-C0A4310FD3E1}.Debug|Mixed Platforms.Build.0 = Debug|Any CPU
		{22A30CA1-E24F-4093-88EA-C0A4310FD3E1}.Debug|x86.ActiveCfg = Debug|Any CPU
		{22A30CA1-E24F-4093-88EA-C0A4310FD3E1}.Release|Any CPU.ActiveCfg = Release|Any CPU
		{22A30CA1-E24F-4093-88EA-C0A4310FD3E1}.Release|Any CPU.Build.0 = Release|Any CPU
		{22A30CA1-E24F-4093-88EA-C0A4310FD3E1}.Release|Mixed Platforms.ActiveCfg = Release|Any CPU
		{22A30CA1-E24F-4093-88EA-C0A4310FD3E1}.Release|Mixed Platforms.Build.0 = Release|Any CPU
		{22A30CA1-E24F-4093-88EA-C0A4310FD3E1}.Release|x86.ActiveCfg = Release|Any CPU
		{3C28E511-43A6-4646-91B9-5FDAF50161E0}.Debug|Any CPU.ActiveCfg = Debug|Any CPU
		{3C28E511-43A6-4646-91B9-5FDAF50161E0}.Debug|Any CPU.Build.0 = Debug|Any CPU
		{3C28E511-43A6-4646-91B9-5FDAF50161E0}.Debug|Mixed Platforms.ActiveCfg = Debug|Any CPU
		{3C28E511-43A6-4646-91B9-5FDAF50161E0}.Debug|Mixed Platforms.Build.0 = Debug|Any CPU
		{3C28E511-43A6-4646-91B9-5FDAF50161E0}.Debug|x86.ActiveCfg = Debug|Any CPU
		{3C28E511-43A6-4646-91B9-5FDAF50161E0}.Release|Any CPU.ActiveCfg = Release|Any CPU
		{3C28E511-43A6-4646-91B9-5FDAF50161E0}.Release|Any CPU.Build.0 = Release|Any CPU
		{3C28E511-43A6-4646-91B9-5FDAF50161E0}.Release|Mixed Platforms.ActiveCfg = Release|Any CPU
		{3C28E511-43A6-4646-91B9-5FDAF50161E0}.Release|Mixed Platforms.Build.0 = Release|Any CPU
		{3C28E511-43A6-4646-91B9-5FDAF50161E0}.Release|x86.ActiveCfg = Release|Any CPU
		{92ED069A-80B3-468A-BDA8-510F84907EB2}.Debug|Any CPU.ActiveCfg = Debug|Any CPU
		{92ED069A-80B3-468A-BDA8-510F84907EB2}.Debug|Any CPU.Build.0 = Debug|Any CPU
		{92ED069A-80B3-468A-BDA8-510F84907EB2}.Debug|Mixed Platforms.ActiveCfg = Debug|Any CPU
		{92ED069A-80B3-468A-BDA8-510F84907EB2}.Debug|Mixed Platforms.Build.0 = Debug|Any CPU
		{92ED069A-80B3-468A-BDA8-510F84907EB2}.Debug|x86.ActiveCfg = Debug|Any CPU
		{92ED069A-80B3-468A-BDA8-510F84907EB2}.Release|Any CPU.ActiveCfg = Release|Any CPU
		{92ED069A-80B3-468A-BDA8-510F84907EB2}.Release|Any CPU.Build.0 = Release|Any CPU
		{92ED069A-80B3-468A-BDA8-510F84907EB2}.Release|Mixed Platforms.ActiveCfg = Release|Any CPU
		{92ED069A-80B3-468A-BDA8-510F84907EB2}.Release|Mixed Platforms.Build.0 = Release|Any CPU
		{92ED069A-80B3-468A-BDA8-510F84907EB2}.Release|x86.ActiveCfg = Release|Any CPU
	EndGlobalSection
	GlobalSection(SolutionProperties) = preSolution
		HideSolutionNode = FALSE
	EndGlobalSection
	GlobalSection(NestedProjects) = preSolution
		{DE65F0D5-7753-483E-8933-E6DB22350F04} = {19A10C52-242D-4B86-8C6C-F6628BBD68C2}
		{0777F751-A5A1-42C3-9966-8BE3D41E592F} = {19A10C52-242D-4B86-8C6C-F6628BBD68C2}
		{1ECDE3C2-671C-4F44-8965-D6D6A3AFD5E8} = {BBE2BB41-AE8E-4A06-AD72-0ABECE5DC1D0}
		{B7C3839F-58F5-4CA9-9317-9655A0BC55D9} = {BBE2BB41-AE8E-4A06-AD72-0ABECE5DC1D0}
		{BDC54072-754F-4709-92E7-2A4ED502CC68} = {BBE2BB41-AE8E-4A06-AD72-0ABECE5DC1D0}
		{C9314719-623E-44F6-AB7E-9D2512D63941} = {5A4BA6B9-305F-4E0D-A11A-35AE005C678A}
		{BEA5697D-50A0-4927-BA3B-5761A0ABCB5B} = {5A4BA6B9-305F-4E0D-A11A-35AE005C678A}
		{74FFC42D-76D4-48F8-805D-80F134423194} = {5A4BA6B9-305F-4E0D-A11A-35AE005C678A}
		{F3692BB4-E692-4ED8-B999-FB7FBCF3126F} = {5A4BA6B9-305F-4E0D-A11A-35AE005C678A}
		{A585A939-E070-455D-9A99-A68618B54E1F} = {5A4BA6B9-305F-4E0D-A11A-35AE005C678A}
		{92ED069A-80B3-468A-BDA8-510F84907EB2} = {5A4BA6B9-305F-4E0D-A11A-35AE005C678A}
		{22A30CA1-E24F-4093-88EA-C0A4310FD3E1} = {90CFCC8E-84FC-4842-B51A-8B26C1140FF0}
		{3C28E511-43A6-4646-91B9-5FDAF50161E0} = {90CFCC8E-84FC-4842-B51A-8B26C1140FF0}
	EndGlobalSection
EndGlobal
