Microsoft Visual Studio Solution File, Format Version 12.00
# Visual Studio 2013
VisualStudioVersion = 12.0.30501.0
MinimumVisualStudioVersion = 10.0.40219.1
Project("{FAE04EC0-301F-11D3-BF4B-00C04F79EFBC}") = "Splunk.Client", "src\Splunk.Client\Splunk.Client.csproj", "{DE65F0D5-7753-483E-8933-E6DB22350F04}"
EndProject
Project("{FAE04EC0-301F-11D3-BF4B-00C04F79EFBC}") = "acceptance-tests", "test\acceptance-tests\acceptance-tests.csproj", "{B7C3839F-58F5-4CA9-9317-9655A0BC55D9}"
EndProject
Project("{FAE04EC0-301F-11D3-BF4B-00C04F79EFBC}") = "unit-tests", "test\unit-tests\unit-tests.csproj", "{1ECDE3C2-671C-4F44-8965-D6D6A3AFD5E8}"
EndProject
Project("{2150E333-8FDC-42A3-9474-1A3956D46DE8}") = "1. src", "1. src", "{19A10C52-242D-4B86-8C6C-F6628BBD68C2}"
EndProject
Project("{2150E333-8FDC-42A3-9474-1A3956D46DE8}") = "2. test", "2. test", "{BBE2BB41-AE8E-4A06-AD72-0ABECE5DC1D0}"
EndProject
Project("{2150E333-8FDC-42A3-9474-1A3956D46DE8}") = "3. examples", "3. examples", "{5A4BA6B9-305F-4E0D-A11A-35AE005C678A}"
EndProject
Project("{2150E333-8FDC-42A3-9474-1A3956D46DE8}") = "Solution Items", "Solution Items", "{8674D19F-5BF3-4D17-90B9-AB3226A8E12A}"
	ProjectSection(SolutionItems) = preProject
		REST API coverage.xlsx = REST API coverage.xlsx
	EndProjectSection
EndProject
Project("{FAE04EC0-301F-11D3-BF4B-00C04F79EFBC}") = "Splunk.ModularInputs", "src\Splunk.ModularInputs\Splunk.ModularInputs.csproj", "{0777F751-A5A1-42C3-9966-8BE3D41E592F}"
EndProject
Project("{FAE04EC0-301F-11D3-BF4B-00C04F79EFBC}") = "authenticate", "examples\authenticate\authenticate.csproj", "{74FFC42D-76D4-48F8-805D-80F134423194}"
EndProject
Project("{FAE04EC0-301F-11D3-BF4B-00C04F79EFBC}") = "submit", "examples\submit\submit.csproj", "{A585A939-E070-455D-9A99-A68618B54E1F}"
EndProject
Project("{FAE04EC0-301F-11D3-BF4B-00C04F79EFBC}") = "list_apps", "examples\list_apps\list_apps.csproj", "{4D090E62-8E8F-45F8-9382-97AFE56578AB}"
EndProject
Project("{FAE04EC0-301F-11D3-BF4B-00C04F79EFBC}") = "random-numbers", "examples\random-numbers\random-numbers.csproj", "{92ED069A-80B3-468A-BDA8-510F84907EB2}"
EndProject
Project("{FAE04EC0-301F-11D3-BF4B-00C04F79EFBC}") = "saved-searches", "examples\saved-searches\saved-searches.csproj", "{DC60AAA9-0A1B-48CF-A253-08711F477CB6}"
EndProject
Project("{FAE04EC0-301F-11D3-BF4B-00C04F79EFBC}") = "search", "examples\normal-search\search.csproj", "{C9314719-623E-44F6-AB7E-9D2512D63941}"
EndProject
Project("{FAE04EC0-301F-11D3-BF4B-00C04F79EFBC}") = "search-oneshot", "examples\search\search-oneshot.csproj", "{F3692BB4-E692-4ED8-B999-FB7FBCF3126F}"
EndProject
Project("{FAE04EC0-301F-11D3-BF4B-00C04F79EFBC}") = "search-export", "examples\search-export\search-export.csproj", "{907193BC-937D-4353-93FC-53F8B7AF0092}"
EndProject
Project("{FAE04EC0-301F-11D3-BF4B-00C04F79EFBC}") = "search-realtime", "examples\search-realtime\search-realtime.csproj", "{D10A0063-A2DA-4F41-B54F-EE6E7FC57C41}"
EndProject
Project("{FAE04EC0-301F-11D3-BF4B-00C04F79EFBC}") = "Splunk.Client.Helpers", "src\Splunk.Client.Helpers\Splunk.Client.Helpers.csproj", "{21A7DE9F-1E62-484F-945F-01E222B26B5B}"
EndProject
Project("{2150E333-8FDC-42A3-9474-1A3956D46DE8}") = "Windows8", "Windows8", "{741E25A2-C6A7-40DF-B568-C01E3A836C40}"
EndProject
Project("{2150E333-8FDC-42A3-9474-1A3956D46DE8}") = "Search", "Search", "{2B5AA754-EBFB-4E1A-86D9-B7EF19DC6AFE}"
EndProject
Project("{FAE04EC0-301F-11D3-BF4B-00C04F79EFBC}") = "SplunkSearch", "examples\Windows8\Search\SplunkSearch.csproj", "{1EAF3631-8C5D-4DE1-BC35-5AD2627908A2}"
EndProject
Project("{FAE04EC0-301F-11D3-BF4B-00C04F79EFBC}") = "mock-context", "examples\mock-context\mock-context.csproj", "{58A036C5-1219-4D2E-9EB8-A2C247832831}"
EndProject
Project("{FAE04EC0-301F-11D3-BF4B-00C04F79EFBC}") = "mock-interface", "examples\mock-interface\mock-interface.csproj", "{F102F57B-D988-4B0A-82CF-F9420F0DFE39}"
EndProject
Project("{FAE04EC0-301F-11D3-BF4B-00C04F79EFBC}") = "mock-object", "examples\mock-object\mock-object.csproj", "{8992B3EF-E2E6-4E5D-B488-986F2A5FE713}"
EndProject
Global
	GlobalSection(SolutionConfigurationPlatforms) = preSolution
		Debug|Any CPU = Debug|Any CPU
		Release|Any CPU = Release|Any CPU
	EndGlobalSection
	GlobalSection(ProjectConfigurationPlatforms) = postSolution
		{DE65F0D5-7753-483E-8933-E6DB22350F04}.Debug|Any CPU.ActiveCfg = Debug|Any CPU
		{DE65F0D5-7753-483E-8933-E6DB22350F04}.Debug|Any CPU.Build.0 = Debug|Any CPU
		{DE65F0D5-7753-483E-8933-E6DB22350F04}.Release|Any CPU.ActiveCfg = Release|Any CPU
		{DE65F0D5-7753-483E-8933-E6DB22350F04}.Release|Any CPU.Build.0 = Release|Any CPU
		{B7C3839F-58F5-4CA9-9317-9655A0BC55D9}.Debug|Any CPU.ActiveCfg = Debug|Any CPU
		{B7C3839F-58F5-4CA9-9317-9655A0BC55D9}.Debug|Any CPU.Build.0 = Debug|Any CPU
		{B7C3839F-58F5-4CA9-9317-9655A0BC55D9}.Release|Any CPU.ActiveCfg = Release|Any CPU
		{B7C3839F-58F5-4CA9-9317-9655A0BC55D9}.Release|Any CPU.Build.0 = Release|Any CPU
		{1ECDE3C2-671C-4F44-8965-D6D6A3AFD5E8}.Debug|Any CPU.ActiveCfg = Debug|Any CPU
		{1ECDE3C2-671C-4F44-8965-D6D6A3AFD5E8}.Debug|Any CPU.Build.0 = Debug|Any CPU
		{1ECDE3C2-671C-4F44-8965-D6D6A3AFD5E8}.Release|Any CPU.ActiveCfg = Release|Any CPU
		{1ECDE3C2-671C-4F44-8965-D6D6A3AFD5E8}.Release|Any CPU.Build.0 = Release|Any CPU
		{0777F751-A5A1-42C3-9966-8BE3D41E592F}.Debug|Any CPU.ActiveCfg = Debug|Any CPU
		{0777F751-A5A1-42C3-9966-8BE3D41E592F}.Debug|Any CPU.Build.0 = Debug|Any CPU
		{0777F751-A5A1-42C3-9966-8BE3D41E592F}.Release|Any CPU.ActiveCfg = Release|Any CPU
		{0777F751-A5A1-42C3-9966-8BE3D41E592F}.Release|Any CPU.Build.0 = Release|Any CPU
		{74FFC42D-76D4-48F8-805D-80F134423194}.Debug|Any CPU.ActiveCfg = Debug|Any CPU
		{74FFC42D-76D4-48F8-805D-80F134423194}.Debug|Any CPU.Build.0 = Debug|Any CPU
		{74FFC42D-76D4-48F8-805D-80F134423194}.Release|Any CPU.ActiveCfg = Release|Any CPU
		{74FFC42D-76D4-48F8-805D-80F134423194}.Release|Any CPU.Build.0 = Release|Any CPU
		{A585A939-E070-455D-9A99-A68618B54E1F}.Debug|Any CPU.ActiveCfg = Debug|Any CPU
		{A585A939-E070-455D-9A99-A68618B54E1F}.Debug|Any CPU.Build.0 = Debug|Any CPU
		{A585A939-E070-455D-9A99-A68618B54E1F}.Release|Any CPU.ActiveCfg = Release|Any CPU
		{A585A939-E070-455D-9A99-A68618B54E1F}.Release|Any CPU.Build.0 = Release|Any CPU
		{4D090E62-8E8F-45F8-9382-97AFE56578AB}.Debug|Any CPU.ActiveCfg = Debug|Any CPU
		{4D090E62-8E8F-45F8-9382-97AFE56578AB}.Debug|Any CPU.Build.0 = Debug|Any CPU
		{4D090E62-8E8F-45F8-9382-97AFE56578AB}.Release|Any CPU.ActiveCfg = Release|Any CPU
		{4D090E62-8E8F-45F8-9382-97AFE56578AB}.Release|Any CPU.Build.0 = Release|Any CPU
		{92ED069A-80B3-468A-BDA8-510F84907EB2}.Debug|Any CPU.ActiveCfg = Debug|Any CPU
		{92ED069A-80B3-468A-BDA8-510F84907EB2}.Debug|Any CPU.Build.0 = Debug|Any CPU
		{92ED069A-80B3-468A-BDA8-510F84907EB2}.Release|Any CPU.ActiveCfg = Release|Any CPU
		{92ED069A-80B3-468A-BDA8-510F84907EB2}.Release|Any CPU.Build.0 = Release|Any CPU
		{DC60AAA9-0A1B-48CF-A253-08711F477CB6}.Debug|Any CPU.ActiveCfg = Debug|Any CPU
		{DC60AAA9-0A1B-48CF-A253-08711F477CB6}.Debug|Any CPU.Build.0 = Debug|Any CPU
		{DC60AAA9-0A1B-48CF-A253-08711F477CB6}.Release|Any CPU.ActiveCfg = Release|Any CPU
		{DC60AAA9-0A1B-48CF-A253-08711F477CB6}.Release|Any CPU.Build.0 = Release|Any CPU
		{C9314719-623E-44F6-AB7E-9D2512D63941}.Debug|Any CPU.ActiveCfg = Debug|Any CPU
		{C9314719-623E-44F6-AB7E-9D2512D63941}.Debug|Any CPU.Build.0 = Debug|Any CPU
		{C9314719-623E-44F6-AB7E-9D2512D63941}.Release|Any CPU.ActiveCfg = Release|Any CPU
		{C9314719-623E-44F6-AB7E-9D2512D63941}.Release|Any CPU.Build.0 = Release|Any CPU
		{F3692BB4-E692-4ED8-B999-FB7FBCF3126F}.Debug|Any CPU.ActiveCfg = Debug|Any CPU
		{F3692BB4-E692-4ED8-B999-FB7FBCF3126F}.Debug|Any CPU.Build.0 = Debug|Any CPU
		{F3692BB4-E692-4ED8-B999-FB7FBCF3126F}.Release|Any CPU.ActiveCfg = Release|Any CPU
		{F3692BB4-E692-4ED8-B999-FB7FBCF3126F}.Release|Any CPU.Build.0 = Release|Any CPU
		{907193BC-937D-4353-93FC-53F8B7AF0092}.Debug|Any CPU.ActiveCfg = Debug|Any CPU
		{907193BC-937D-4353-93FC-53F8B7AF0092}.Debug|Any CPU.Build.0 = Debug|Any CPU
		{907193BC-937D-4353-93FC-53F8B7AF0092}.Release|Any CPU.ActiveCfg = Release|Any CPU
		{907193BC-937D-4353-93FC-53F8B7AF0092}.Release|Any CPU.Build.0 = Release|Any CPU
		{D10A0063-A2DA-4F41-B54F-EE6E7FC57C41}.Debug|Any CPU.ActiveCfg = Debug|Any CPU
		{D10A0063-A2DA-4F41-B54F-EE6E7FC57C41}.Debug|Any CPU.Build.0 = Debug|Any CPU
		{D10A0063-A2DA-4F41-B54F-EE6E7FC57C41}.Release|Any CPU.ActiveCfg = Release|Any CPU
		{D10A0063-A2DA-4F41-B54F-EE6E7FC57C41}.Release|Any CPU.Build.0 = Release|Any CPU
		{21A7DE9F-1E62-484F-945F-01E222B26B5B}.Debug|Any CPU.ActiveCfg = Debug|Any CPU
		{21A7DE9F-1E62-484F-945F-01E222B26B5B}.Debug|Any CPU.Build.0 = Debug|Any CPU
		{21A7DE9F-1E62-484F-945F-01E222B26B5B}.Release|Any CPU.ActiveCfg = Release|Any CPU
		{21A7DE9F-1E62-484F-945F-01E222B26B5B}.Release|Any CPU.Build.0 = Release|Any CPU
		{1EAF3631-8C5D-4DE1-BC35-5AD2627908A2}.Debug|Any CPU.ActiveCfg = Debug|Any CPU
		{1EAF3631-8C5D-4DE1-BC35-5AD2627908A2}.Debug|Any CPU.Build.0 = Debug|Any CPU
		{1EAF3631-8C5D-4DE1-BC35-5AD2627908A2}.Debug|Any CPU.Deploy.0 = Debug|Any CPU
		{1EAF3631-8C5D-4DE1-BC35-5AD2627908A2}.Release|Any CPU.ActiveCfg = Release|Any CPU
		{1EAF3631-8C5D-4DE1-BC35-5AD2627908A2}.Release|Any CPU.Build.0 = Release|Any CPU
		{1EAF3631-8C5D-4DE1-BC35-5AD2627908A2}.Release|Any CPU.Deploy.0 = Release|Any CPU
		{58A036C5-1219-4D2E-9EB8-A2C247832831}.Debug|Any CPU.ActiveCfg = Debug|Any CPU
		{58A036C5-1219-4D2E-9EB8-A2C247832831}.Debug|Any CPU.Build.0 = Debug|Any CPU
		{58A036C5-1219-4D2E-9EB8-A2C247832831}.Release|Any CPU.ActiveCfg = Release|Any CPU
		{58A036C5-1219-4D2E-9EB8-A2C247832831}.Release|Any CPU.Build.0 = Release|Any CPU
		{F102F57B-D988-4B0A-82CF-F9420F0DFE39}.Debug|Any CPU.ActiveCfg = Debug|Any CPU
		{F102F57B-D988-4B0A-82CF-F9420F0DFE39}.Debug|Any CPU.Build.0 = Debug|Any CPU
		{F102F57B-D988-4B0A-82CF-F9420F0DFE39}.Release|Any CPU.ActiveCfg = Release|Any CPU
		{F102F57B-D988-4B0A-82CF-F9420F0DFE39}.Release|Any CPU.Build.0 = Release|Any CPU
		{8992B3EF-E2E6-4E5D-B488-986F2A5FE713}.Debug|Any CPU.ActiveCfg = Debug|Any CPU
		{8992B3EF-E2E6-4E5D-B488-986F2A5FE713}.Debug|Any CPU.Build.0 = Debug|Any CPU
		{8992B3EF-E2E6-4E5D-B488-986F2A5FE713}.Release|Any CPU.ActiveCfg = Release|Any CPU
		{8992B3EF-E2E6-4E5D-B488-986F2A5FE713}.Release|Any CPU.Build.0 = Release|Any CPU
	EndGlobalSection
	GlobalSection(SolutionProperties) = preSolution
		HideSolutionNode = FALSE
	EndGlobalSection
	GlobalSection(NestedProjects) = preSolution
		{DE65F0D5-7753-483E-8933-E6DB22350F04} = {19A10C52-242D-4B86-8C6C-F6628BBD68C2}
		{B7C3839F-58F5-4CA9-9317-9655A0BC55D9} = {BBE2BB41-AE8E-4A06-AD72-0ABECE5DC1D0}
		{1ECDE3C2-671C-4F44-8965-D6D6A3AFD5E8} = {BBE2BB41-AE8E-4A06-AD72-0ABECE5DC1D0}
		{0777F751-A5A1-42C3-9966-8BE3D41E592F} = {19A10C52-242D-4B86-8C6C-F6628BBD68C2}
		{74FFC42D-76D4-48F8-805D-80F134423194} = {5A4BA6B9-305F-4E0D-A11A-35AE005C678A}
		{A585A939-E070-455D-9A99-A68618B54E1F} = {5A4BA6B9-305F-4E0D-A11A-35AE005C678A}
		{4D090E62-8E8F-45F8-9382-97AFE56578AB} = {5A4BA6B9-305F-4E0D-A11A-35AE005C678A}
		{92ED069A-80B3-468A-BDA8-510F84907EB2} = {5A4BA6B9-305F-4E0D-A11A-35AE005C678A}
		{DC60AAA9-0A1B-48CF-A253-08711F477CB6} = {5A4BA6B9-305F-4E0D-A11A-35AE005C678A}
		{C9314719-623E-44F6-AB7E-9D2512D63941} = {5A4BA6B9-305F-4E0D-A11A-35AE005C678A}
		{F3692BB4-E692-4ED8-B999-FB7FBCF3126F} = {5A4BA6B9-305F-4E0D-A11A-35AE005C678A}
		{907193BC-937D-4353-93FC-53F8B7AF0092} = {5A4BA6B9-305F-4E0D-A11A-35AE005C678A}
		{D10A0063-A2DA-4F41-B54F-EE6E7FC57C41} = {5A4BA6B9-305F-4E0D-A11A-35AE005C678A}
		{21A7DE9F-1E62-484F-945F-01E222B26B5B} = {19A10C52-242D-4B86-8C6C-F6628BBD68C2}
		{741E25A2-C6A7-40DF-B568-C01E3A836C40} = {5A4BA6B9-305F-4E0D-A11A-35AE005C678A}
		{2B5AA754-EBFB-4E1A-86D9-B7EF19DC6AFE} = {741E25A2-C6A7-40DF-B568-C01E3A836C40}
		{1EAF3631-8C5D-4DE1-BC35-5AD2627908A2} = {2B5AA754-EBFB-4E1A-86D9-B7EF19DC6AFE}
		{58A036C5-1219-4D2E-9EB8-A2C247832831} = {5A4BA6B9-305F-4E0D-A11A-35AE005C678A}
		{F102F57B-D988-4B0A-82CF-F9420F0DFE39} = {5A4BA6B9-305F-4E0D-A11A-35AE005C678A}
		{8992B3EF-E2E6-4E5D-B488-986F2A5FE713} = {5A4BA6B9-305F-4E0D-A11A-35AE005C678A}
	EndGlobalSection
EndGlobal
